
Microsoft Visual Studio Solution File, Format Version 12.00
# Visual Studio Version 17
VisualStudioVersion = 17.5.33424.131
MinimumVisualStudioVersion = 10.0.40219.1
Project("{FAE04EC0-301F-11D3-BF4B-00C04F79EFBC}") = "GviyaBackend", "GviyaBackend.csproj", "{E83AB303-0A9B-40C2-8E9C-50BC4698FAEC}"
EndProject
Global
	GlobalSection(SolutionConfigurationPlatforms) = preSolution
		Debug|Any CPU = Debug|Any CPU
		Release|Any CPU = Release|Any CPU
	EndGlobalSection
	GlobalSection(ProjectConfigurationPlatforms) = postSolution
		{E83AB303-0A9B-40C2-8E9C-50BC4698FAEC}.Debug|Any CPU.ActiveCfg = Debug|Any CPU
		{E83AB303-0A9B-40C2-8E9C-50BC4698FAEC}.Debug|Any CPU.Build.0 = Debug|Any CPU
		{E83AB303-0A9B-40C2-8E9C-50BC4698FAEC}.Release|Any CPU.ActiveCfg = Release|Any CPU
		{E83AB303-0A9B-40C2-8E9C-50BC4698FAEC}.Release|Any CPU.Build.0 = Release|Any CPU
	EndGlobalSection
	GlobalSection(SolutionProperties) = preSolution
		HideSolutionNode = FALSE
	EndGlobalSection
	GlobalSection(ExtensibilityGlobals) = postSolution
		SolutionGuid = {40E973DA-C065-4F47-8FBD-19A68CAB5FFC}
	EndGlobalSection
EndGlobal
